
Microsoft Visual Studio Solution File, Format Version 12.00
# Visual Studio Version 17
VisualStudioVersion = 17.7.34031.279
MinimumVisualStudioVersion = 10.0.40219.1
Project("{9A19103F-16F7-4668-BE54-9A1E7A4F7556}") = "PIS.Core", "PIS.Core\PIS.Core.csproj", "{F62D3869-A8CF-4660-B23F-BDE2B3711B7A}"
EndProject
Project("{9A19103F-16F7-4668-BE54-9A1E7A4F7556}") = "PIS.Api", "PIS.Api\PIS.Api.csproj", "{AF241954-08DF-4CA5-9F97-BB138D8207D5}"
EndProject
Global
	GlobalSection(SolutionConfigurationPlatforms) = preSolution
		Debug|Any CPU = Debug|Any CPU
		Release|Any CPU = Release|Any CPU
	EndGlobalSection
	GlobalSection(ProjectConfigurationPlatforms) = postSolution
		{F62D3869-A8CF-4660-B23F-BDE2B3711B7A}.Debug|Any CPU.ActiveCfg = Debug|Any CPU
		{F62D3869-A8CF-4660-B23F-BDE2B3711B7A}.Debug|Any CPU.Build.0 = Debug|Any CPU
		{F62D3869-A8CF-4660-B23F-BDE2B3711B7A}.Release|Any CPU.ActiveCfg = Release|Any CPU
		{F62D3869-A8CF-4660-B23F-BDE2B3711B7A}.Release|Any CPU.Build.0 = Release|Any CPU
		{AF241954-08DF-4CA5-9F97-BB138D8207D5}.Debug|Any CPU.ActiveCfg = Debug|Any CPU
		{AF241954-08DF-4CA5-9F97-BB138D8207D5}.Debug|Any CPU.Build.0 = Debug|Any CPU
		{AF241954-08DF-4CA5-9F97-BB138D8207D5}.Release|Any CPU.ActiveCfg = Release|Any CPU
		{AF241954-08DF-4CA5-9F97-BB138D8207D5}.Release|Any CPU.Build.0 = Release|Any CPU
	EndGlobalSection
	GlobalSection(SolutionProperties) = preSolution
		HideSolutionNode = FALSE
	EndGlobalSection
	GlobalSection(ExtensibilityGlobals) = postSolution
		SolutionGuid = {8DED0007-6516-4EF5-A4A1-87CDF585D355}
	EndGlobalSection
EndGlobal
